// !$*UTF8*$!
{
	archiveVersion = 1;
	classes = {
	};
	objectVersion = 51;
	objects = {

/* Begin PBXBuildFile section */
		000E0D2022C498FE0080DFC7 /* ModelStructures.swift in Sources */ = {isa = PBXBuildFile; fileRef = 000E0D1F22C498FE0080DFC7 /* ModelStructures.swift */; };
		000E0D2222C4C6300080DFC7 /* Extensions.swift in Sources */ = {isa = PBXBuildFile; fileRef = 000E0D2122C4C6300080DFC7 /* Extensions.swift */; };
		001BCF6422C0DEF300419E00 /* PasswordRecovery.swift in Sources */ = {isa = PBXBuildFile; fileRef = 001BCF6322C0DEF300419E00 /* PasswordRecovery.swift */; };
		0023A28622C1F28D007BEB2D /* Localizable.strings in Resources */ = {isa = PBXBuildFile; fileRef = 0023A28822C1F28D007BEB2D /* Localizable.strings */; };
		002E413522D0A0F6009B4809 /* Auth.storyboard in Resources */ = {isa = PBXBuildFile; fileRef = 002E413422D0A0F6009B4809 /* Auth.storyboard */; };
		002E413722D0A9B5009B4809 /* Chapters.storyboard in Resources */ = {isa = PBXBuildFile; fileRef = 002E413622D0A9B5009B4809 /* Chapters.storyboard */; };
		002F29C322D49565000D64CF /* LaunchScreenVC.swift in Sources */ = {isa = PBXBuildFile; fileRef = 002F29C222D49565000D64CF /* LaunchScreenVC.swift */; };
		0034556322D9C24A0026241D /* AppBuilder.swift in Sources */ = {isa = PBXBuildFile; fileRef = 0034554E22D9C24A0026241D /* AppBuilder.swift */; };
		0034556422D9C24A0026241D /* BlurViewController.swift in Sources */ = {isa = PBXBuildFile; fileRef = 0034554F22D9C24A0026241D /* BlurViewController.swift */; };
		0034556522D9C24A0026241D /* ImageProcessorsViewController.swift in Sources */ = {isa = PBXBuildFile; fileRef = 0034555022D9C24A0026241D /* ImageProcessorsViewController.swift */; };
		0034556622D9C24A0026241D /* CollectionViewCell.swift in Sources */ = {isa = PBXBuildFile; fileRef = 0034555122D9C24A0026241D /* CollectionViewCell.swift */; };
		0034556722D9C24A0026241D /* CollieGalleryTransitionType.swift in Sources */ = {isa = PBXBuildFile; fileRef = 0034555322D9C24A0026241D /* CollieGalleryTransitionType.swift */; };
		0034556822D9C24A0026241D /* CollieGalleryView.swift in Sources */ = {isa = PBXBuildFile; fileRef = 0034555422D9C24A0026241D /* CollieGalleryView.swift */; };
		0034556922D9C24A0026241D /* CollieGalleryTransitionManager.swift in Sources */ = {isa = PBXBuildFile; fileRef = 0034555522D9C24A0026241D /* CollieGalleryTransitionManager.swift */; };
		0034556A22D9C24A0026241D /* CollieGalleryDelegate.swift in Sources */ = {isa = PBXBuildFile; fileRef = 0034555622D9C24A0026241D /* CollieGalleryDelegate.swift */; };
		0034556B22D9C24A0026241D /* CollieGalleryTransitionProtocol.swift in Sources */ = {isa = PBXBuildFile; fileRef = 0034555722D9C24A0026241D /* CollieGalleryTransitionProtocol.swift */; };
		0034556C22D9C24A0026241D /* CollieGalleryDefaultTransition.swift in Sources */ = {isa = PBXBuildFile; fileRef = 0034555822D9C24A0026241D /* CollieGalleryDefaultTransition.swift */; };
		0034556D22D9C24A0026241D /* CollieGalleryOptions.swift in Sources */ = {isa = PBXBuildFile; fileRef = 0034555922D9C24A0026241D /* CollieGalleryOptions.swift */; };
		0034556E22D9C24A0026241D /* CollieGalleryPicture.swift in Sources */ = {isa = PBXBuildFile; fileRef = 0034555A22D9C24A0026241D /* CollieGalleryPicture.swift */; };
		0034556F22D9C24A0026241D /* CollieGallery.swift in Sources */ = {isa = PBXBuildFile; fileRef = 0034555B22D9C24A0026241D /* CollieGallery.swift */; };
		0034557022D9C24A0026241D /* CollieGalleryAppearance.swift in Sources */ = {isa = PBXBuildFile; fileRef = 0034555C22D9C24A0026241D /* CollieGalleryAppearance.swift */; };
		0034557122D9C24A0026241D /* CollieGalleryCustomAction.swift in Sources */ = {isa = PBXBuildFile; fileRef = 0034555D22D9C24A0026241D /* CollieGalleryCustomAction.swift */; };
		0034557222D9C24A0026241D /* CollieGalleryCaptionView.swift in Sources */ = {isa = PBXBuildFile; fileRef = 0034555E22D9C24A0026241D /* CollieGalleryCaptionView.swift */; };
		0034557322D9C24A0026241D /* CollieGalleryViewDelegate.swift in Sources */ = {isa = PBXBuildFile; fileRef = 0034555F22D9C24A0026241D /* CollieGalleryViewDelegate.swift */; };
		0034557422D9C24A0026241D /* CollieGalleryZoomTransition.swift in Sources */ = {isa = PBXBuildFile; fileRef = 0034556022D9C24A0026241D /* CollieGalleryZoomTransition.swift */; };
		0034557522D9C24A0026241D /* CollieGalleryTheme.swift in Sources */ = {isa = PBXBuildFile; fileRef = 0034556122D9C24A0026241D /* CollieGalleryTheme.swift */; };
		0034557622D9C24A0026241D /* ModelService.swift in Sources */ = {isa = PBXBuildFile; fileRef = 0034556222D9C24A0026241D /* ModelService.swift */; };
		004A947122DB311900F07492 /* gallery.storyboard in Resources */ = {isa = PBXBuildFile; fileRef = 004A947022DB311900F07492 /* gallery.storyboard */; };
		006A119C22B9045D00237B3F /* Main.storyboard in Resources */ = {isa = PBXBuildFile; fileRef = 006A119A22B9045D00237B3F /* Main.storyboard */; };
		006A119E22B9046000237B3F /* Assets.xcassets in Resources */ = {isa = PBXBuildFile; fileRef = 006A119D22B9046000237B3F /* Assets.xcassets */; };
		006A11A122B9046000237B3F /* LaunchScreen.storyboard in Resources */ = {isa = PBXBuildFile; fileRef = 006A119F22B9046000237B3F /* LaunchScreen.storyboard */; };
		006A11B122B9064700237B3F /* AppDelegate.swift in Sources */ = {isa = PBXBuildFile; fileRef = 006A11A922B9064600237B3F /* AppDelegate.swift */; };
		006A11B222B9064700237B3F /* StartViewController.swift in Sources */ = {isa = PBXBuildFile; fileRef = 006A11AA22B9064600237B3F /* StartViewController.swift */; };
		006A11B322B9064700237B3F /* HomeViewController.swift in Sources */ = {isa = PBXBuildFile; fileRef = 006A11AB22B9064600237B3F /* HomeViewController.swift */; };
		006A11B622B9064700237B3F /* SignUpViewController.swift in Sources */ = {isa = PBXBuildFile; fileRef = 006A11AE22B9064700237B3F /* SignUpViewController.swift */; };
		006A11B722B9064700237B3F /* LoginViewController.swift in Sources */ = {isa = PBXBuildFile; fileRef = 006A11AF22B9064700237B3F /* LoginViewController.swift */; };
		008D4B9C22BB70EE00870F77 /* LanguageViewController.swift in Sources */ = {isa = PBXBuildFile; fileRef = 008D4B9B22BB70EE00870F77 /* LanguageViewController.swift */; };
		9D0F628E22DE56C300D6DF10 /* SortedTableVC.swift in Sources */ = {isa = PBXBuildFile; fileRef = 9D0F628D22DE56C300D6DF10 /* SortedTableVC.swift */; };
		9D1E32E222DB8C090081904D /* PhotoCell.swift in Sources */ = {isa = PBXBuildFile; fileRef = 00D2645922DB7CDC00213588 /* PhotoCell.swift */; };
		9D1E32E422DB8C090081904D /* UIImage.swift in Sources */ = {isa = PBXBuildFile; fileRef = 00D2645822DB7CDC00213588 /* UIImage.swift */; };
		9D1E32E522DB8C090081904D /* ZoomedPhotoViewController.swift in Sources */ = {isa = PBXBuildFile; fileRef = 00D2645522DB7CDB00213588 /* ZoomedPhotoViewController.swift */; };
		9D1FAA8722DBC64A00B49B84 /* AssociatedPhotos.swift in Sources */ = {isa = PBXBuildFile; fileRef = 9D1FAA8622DBC64A00B49B84 /* AssociatedPhotos.swift */; };
		9D201E2222C7B7E800074416 /* shared.swift in Sources */ = {isa = PBXBuildFile; fileRef = 9D201E2122C7B7E800074416 /* shared.swift */; };
		9D35AECE22C902FB00B108BD /* ic_menu@3x.png in Resources */ = {isa = PBXBuildFile; fileRef = 9D35AECB22C902FB00B108BD /* ic_menu@3x.png */; };
		9D35AECF22C902FB00B108BD /* GuillotineMenuTransitionAnimation.swift in Sources */ = {isa = PBXBuildFile; fileRef = 9D35AECC22C902FB00B108BD /* GuillotineMenuTransitionAnimation.swift */; };
		9D35AED022C902FB00B108BD /* MenuViewController.swift in Sources */ = {isa = PBXBuildFile; fileRef = 9D35AECD22C902FB00B108BD /* MenuViewController.swift */; };
		9D5F7F6522DF84B2003B7328 /* QRData.swift in Sources */ = {isa = PBXBuildFile; fileRef = 9D5F7F5F22DF84B1003B7328 /* QRData.swift */; };
		9D5F7F6622DF84B2003B7328 /* CopyLabel.swift in Sources */ = {isa = PBXBuildFile; fileRef = 9D5F7F6022DF84B1003B7328 /* CopyLabel.swift */; };
		9D5F7F6722DF84B2003B7328 /* UIViewController+Alert.swift in Sources */ = {isa = PBXBuildFile; fileRef = 9D5F7F6122DF84B2003B7328 /* UIViewController+Alert.swift */; };
		9D5F7F6822DF84B2003B7328 /* DetailViewController.swift in Sources */ = {isa = PBXBuildFile; fileRef = 9D5F7F6222DF84B2003B7328 /* DetailViewController.swift */; };
		9D5F7F6922DF84B2003B7328 /* QRScannerView.swift in Sources */ = {isa = PBXBuildFile; fileRef = 9D5F7F6322DF84B2003B7328 /* QRScannerView.swift */; };
		9D5F7F6A22DF84B2003B7328 /* QRScannerViewController.swift in Sources */ = {isa = PBXBuildFile; fileRef = 9D5F7F6422DF84B2003B7328 /* QRScannerViewController.swift */; };
		9D6F91F522CF7A0200DE4242 /* WebVC.swift in Sources */ = {isa = PBXBuildFile; fileRef = 9D6F91F322CF7A0200DE4242 /* WebVC.swift */; };
		9D6F91F622CF7A0200DE4242 /* ImagesVC.swift in Sources */ = {isa = PBXBuildFile; fileRef = 9D6F91F422CF7A0200DE4242 /* ImagesVC.swift */; };
		9D6F91FD22CF7A3D00DE4242 /* QuoteDeck.swift in Sources */ = {isa = PBXBuildFile; fileRef = 9D6F91F722CF7A3D00DE4242 /* QuoteDeck.swift */; };
		9D6F91FE22CF7A3D00DE4242 /* QuoteViewController.swift in Sources */ = {isa = PBXBuildFile; fileRef = 9D6F91F822CF7A3D00DE4242 /* QuoteViewController.swift */; };
		9D6F91FF22CF7A3D00DE4242 /* lessonsViewController.swift in Sources */ = {isa = PBXBuildFile; fileRef = 9D6F91F922CF7A3D00DE4242 /* lessonsViewController.swift */; };
		9D6F920022CF7A3D00DE4242 /* SubLessonsVC.swift in Sources */ = {isa = PBXBuildFile; fileRef = 9D6F91FA22CF7A3D00DE4242 /* SubLessonsVC.swift */; };
		9D6F920122CF7A3D00DE4242 /* Quote.swift in Sources */ = {isa = PBXBuildFile; fileRef = 9D6F91FB22CF7A3D00DE4242 /* Quote.swift */; };
		9D6F920222CF7A3D00DE4242 /* TopicsViewController.swift in Sources */ = {isa = PBXBuildFile; fileRef = 9D6F91FC22CF7A3D00DE4242 /* TopicsViewController.swift */; };
		9D6F920622CF7D4C00DE4242 /* WebKit.framework in Frameworks */ = {isa = PBXBuildFile; fileRef = 9D6F920522CF7D4C00DE4242 /* WebKit.framework */; };
		9D84D5C022D2044A004E0025 /* CredentialsEdit.swift in Sources */ = {isa = PBXBuildFile; fileRef = 9D84D5BF22D2044A004E0025 /* CredentialsEdit.swift */; };
		9D9E3E2022D6373D00EDD50A /* serverInfo.swift in Sources */ = {isa = PBXBuildFile; fileRef = 9D9E3E1F22D6373D00EDD50A /* serverInfo.swift */; };
		CFD2EDFF30EE0580E3816510 /* Pods_iMediaProto.framework in Frameworks */ = {isa = PBXBuildFile; fileRef = 1B171EC98ED4EF4608FDA3C2 /* Pods_iMediaProto.framework */; };
/* End PBXBuildFile section */

/* Begin PBXFileReference section */
		000E0D1F22C498FE0080DFC7 /* ModelStructures.swift */ = {isa = PBXFileReference; lastKnownFileType = sourcecode.swift; path = ModelStructures.swift; sourceTree = "<group>"; };
		000E0D2122C4C6300080DFC7 /* Extensions.swift */ = {isa = PBXFileReference; lastKnownFileType = sourcecode.swift; path = Extensions.swift; sourceTree = "<group>"; };
		001BCF6322C0DEF300419E00 /* PasswordRecovery.swift */ = {isa = PBXFileReference; lastKnownFileType = sourcecode.swift; path = PasswordRecovery.swift; sourceTree = "<group>"; };
		0023A27422C1EE1B007BEB2D /* en */ = {isa = PBXFileReference; lastKnownFileType = text.plist.strings; name = en; path = en.lproj/Main.strings; sourceTree = "<group>"; };
		0023A27522C1EE1C007BEB2D /* en */ = {isa = PBXFileReference; lastKnownFileType = text.plist.strings; name = en; path = en.lproj/LaunchScreen.strings; sourceTree = "<group>"; };
		0023A27622C1EE26007BEB2D /* de */ = {isa = PBXFileReference; lastKnownFileType = text.plist.strings; name = de; path = de.lproj/Main.strings; sourceTree = "<group>"; };
		0023A27722C1EE26007BEB2D /* de */ = {isa = PBXFileReference; lastKnownFileType = text.plist.strings; name = de; path = de.lproj/LaunchScreen.strings; sourceTree = "<group>"; };
		0023A27822C1EE2C007BEB2D /* tr */ = {isa = PBXFileReference; lastKnownFileType = text.plist.strings; name = tr; path = tr.lproj/Main.strings; sourceTree = "<group>"; };
		0023A27922C1EE2C007BEB2D /* tr */ = {isa = PBXFileReference; lastKnownFileType = text.plist.strings; name = tr; path = tr.lproj/LaunchScreen.strings; sourceTree = "<group>"; };
		0023A27A22C1EE33007BEB2D /* ar */ = {isa = PBXFileReference; lastKnownFileType = text.plist.strings; name = ar; path = ar.lproj/Main.strings; sourceTree = "<group>"; };
		0023A27B22C1EE33007BEB2D /* ar */ = {isa = PBXFileReference; lastKnownFileType = text.plist.strings; name = ar; path = ar.lproj/LaunchScreen.strings; sourceTree = "<group>"; };
		0023A27C22C1EE3C007BEB2D /* es */ = {isa = PBXFileReference; lastKnownFileType = text.plist.strings; name = es; path = es.lproj/Main.strings; sourceTree = "<group>"; };
		0023A27D22C1EE3C007BEB2D /* es */ = {isa = PBXFileReference; lastKnownFileType = text.plist.strings; name = es; path = es.lproj/LaunchScreen.strings; sourceTree = "<group>"; };
		0023A27E22C1EE47007BEB2D /* ru */ = {isa = PBXFileReference; lastKnownFileType = text.plist.strings; name = ru; path = ru.lproj/Main.strings; sourceTree = "<group>"; };
		0023A27F22C1EE47007BEB2D /* ru */ = {isa = PBXFileReference; lastKnownFileType = text.plist.strings; name = ru; path = ru.lproj/LaunchScreen.strings; sourceTree = "<group>"; };
		0023A28022C1EE52007BEB2D /* hi */ = {isa = PBXFileReference; lastKnownFileType = text.plist.strings; name = hi; path = hi.lproj/Main.strings; sourceTree = "<group>"; };
		0023A28122C1EE52007BEB2D /* hi */ = {isa = PBXFileReference; lastKnownFileType = text.plist.strings; name = hi; path = hi.lproj/LaunchScreen.strings; sourceTree = "<group>"; };
		0023A28222C1EE8F007BEB2D /* fa-IR */ = {isa = PBXFileReference; lastKnownFileType = text.plist.strings; name = "fa-IR"; path = "fa-IR.lproj/Main.strings"; sourceTree = "<group>"; };
		0023A28322C1EE8F007BEB2D /* fa-IR */ = {isa = PBXFileReference; lastKnownFileType = text.plist.strings; name = "fa-IR"; path = "fa-IR.lproj/LaunchScreen.strings"; sourceTree = "<group>"; };
		0023A28722C1F28D007BEB2D /* en */ = {isa = PBXFileReference; lastKnownFileType = text.plist.strings; name = en; path = en.lproj/Localizable.strings; sourceTree = "<group>"; };
		0023A28922C1F2D2007BEB2D /* de */ = {isa = PBXFileReference; lastKnownFileType = text.plist.strings; name = de; path = de.lproj/Localizable.strings; sourceTree = "<group>"; };
		0023A28A22C1F2DA007BEB2D /* tr */ = {isa = PBXFileReference; lastKnownFileType = text.plist.strings; name = tr; path = tr.lproj/Localizable.strings; sourceTree = "<group>"; };
		0023A28C22C1F2DD007BEB2D /* es */ = {isa = PBXFileReference; lastKnownFileType = text.plist.strings; name = es; path = es.lproj/Localizable.strings; sourceTree = "<group>"; };
		0023A28D22C1F2DE007BEB2D /* ru */ = {isa = PBXFileReference; lastKnownFileType = text.plist.strings; name = ru; path = ru.lproj/Localizable.strings; sourceTree = "<group>"; };
		0023A28E22C1F2DF007BEB2D /* hi */ = {isa = PBXFileReference; lastKnownFileType = text.plist.strings; name = hi; path = hi.lproj/Localizable.strings; sourceTree = "<group>"; };
		0023A28F22C1F2E0007BEB2D /* fa-IR */ = {isa = PBXFileReference; lastKnownFileType = text.plist.strings; name = "fa-IR"; path = "fa-IR.lproj/Localizable.strings"; sourceTree = "<group>"; };
		0023A29022C1F91D007BEB2D /* zh-Hans */ = {isa = PBXFileReference; lastKnownFileType = text.plist.strings; name = "zh-Hans"; path = "zh-Hans.lproj/Main.strings"; sourceTree = "<group>"; };
		0023A29122C1F91D007BEB2D /* zh-Hans */ = {isa = PBXFileReference; lastKnownFileType = text.plist.strings; name = "zh-Hans"; path = "zh-Hans.lproj/LaunchScreen.strings"; sourceTree = "<group>"; };
		0023A29222C1F91D007BEB2D /* zh-Hans */ = {isa = PBXFileReference; lastKnownFileType = text.plist.strings; name = "zh-Hans"; path = "zh-Hans.lproj/Localizable.strings"; sourceTree = "<group>"; };
		0023A29322C24305007BEB2D /* ar */ = {isa = PBXFileReference; lastKnownFileType = text.plist.strings; name = ar; path = ar.lproj/Localizable.strings; sourceTree = "<group>"; };
		002E413422D0A0F6009B4809 /* Auth.storyboard */ = {isa = PBXFileReference; lastKnownFileType = file.storyboard; path = Auth.storyboard; sourceTree = "<group>"; };
		002E413622D0A9B5009B4809 /* Chapters.storyboard */ = {isa = PBXFileReference; lastKnownFileType = file.storyboard; path = Chapters.storyboard; sourceTree = "<group>"; };
		002F29C222D49565000D64CF /* LaunchScreenVC.swift */ = {isa = PBXFileReference; lastKnownFileType = sourcecode.swift; path = LaunchScreenVC.swift; sourceTree = "<group>"; };
		0034554E22D9C24A0026241D /* AppBuilder.swift */ = {isa = PBXFileReference; fileEncoding = 4; lastKnownFileType = sourcecode.swift; path = AppBuilder.swift; sourceTree = "<group>"; };
		0034554F22D9C24A0026241D /* BlurViewController.swift */ = {isa = PBXFileReference; fileEncoding = 4; lastKnownFileType = sourcecode.swift; path = BlurViewController.swift; sourceTree = "<group>"; };
		0034555022D9C24A0026241D /* ImageProcessorsViewController.swift */ = {isa = PBXFileReference; fileEncoding = 4; lastKnownFileType = sourcecode.swift; path = ImageProcessorsViewController.swift; sourceTree = "<group>"; };
		0034555122D9C24A0026241D /* CollectionViewCell.swift */ = {isa = PBXFileReference; fileEncoding = 4; lastKnownFileType = sourcecode.swift; path = CollectionViewCell.swift; sourceTree = "<group>"; };
		0034555322D9C24A0026241D /* CollieGalleryTransitionType.swift */ = {isa = PBXFileReference; fileEncoding = 4; lastKnownFileType = sourcecode.swift; path = CollieGalleryTransitionType.swift; sourceTree = "<group>"; };
		0034555422D9C24A0026241D /* CollieGalleryView.swift */ = {isa = PBXFileReference; fileEncoding = 4; lastKnownFileType = sourcecode.swift; path = CollieGalleryView.swift; sourceTree = "<group>"; };
		0034555522D9C24A0026241D /* CollieGalleryTransitionManager.swift */ = {isa = PBXFileReference; fileEncoding = 4; lastKnownFileType = sourcecode.swift; path = CollieGalleryTransitionManager.swift; sourceTree = "<group>"; };
		0034555622D9C24A0026241D /* CollieGalleryDelegate.swift */ = {isa = PBXFileReference; fileEncoding = 4; lastKnownFileType = sourcecode.swift; path = CollieGalleryDelegate.swift; sourceTree = "<group>"; };
		0034555722D9C24A0026241D /* CollieGalleryTransitionProtocol.swift */ = {isa = PBXFileReference; fileEncoding = 4; lastKnownFileType = sourcecode.swift; path = CollieGalleryTransitionProtocol.swift; sourceTree = "<group>"; };
		0034555822D9C24A0026241D /* CollieGalleryDefaultTransition.swift */ = {isa = PBXFileReference; fileEncoding = 4; lastKnownFileType = sourcecode.swift; path = CollieGalleryDefaultTransition.swift; sourceTree = "<group>"; };
		0034555922D9C24A0026241D /* CollieGalleryOptions.swift */ = {isa = PBXFileReference; fileEncoding = 4; lastKnownFileType = sourcecode.swift; path = CollieGalleryOptions.swift; sourceTree = "<group>"; };
		0034555A22D9C24A0026241D /* CollieGalleryPicture.swift */ = {isa = PBXFileReference; fileEncoding = 4; lastKnownFileType = sourcecode.swift; path = CollieGalleryPicture.swift; sourceTree = "<group>"; };
		0034555B22D9C24A0026241D /* CollieGallery.swift */ = {isa = PBXFileReference; fileEncoding = 4; lastKnownFileType = sourcecode.swift; path = CollieGallery.swift; sourceTree = "<group>"; };
		0034555C22D9C24A0026241D /* CollieGalleryAppearance.swift */ = {isa = PBXFileReference; fileEncoding = 4; lastKnownFileType = sourcecode.swift; path = CollieGalleryAppearance.swift; sourceTree = "<group>"; };
		0034555D22D9C24A0026241D /* CollieGalleryCustomAction.swift */ = {isa = PBXFileReference; fileEncoding = 4; lastKnownFileType = sourcecode.swift; path = CollieGalleryCustomAction.swift; sourceTree = "<group>"; };
		0034555E22D9C24A0026241D /* CollieGalleryCaptionView.swift */ = {isa = PBXFileReference; fileEncoding = 4; lastKnownFileType = sourcecode.swift; path = CollieGalleryCaptionView.swift; sourceTree = "<group>"; };
		0034555F22D9C24A0026241D /* CollieGalleryViewDelegate.swift */ = {isa = PBXFileReference; fileEncoding = 4; lastKnownFileType = sourcecode.swift; path = CollieGalleryViewDelegate.swift; sourceTree = "<group>"; };
		0034556022D9C24A0026241D /* CollieGalleryZoomTransition.swift */ = {isa = PBXFileReference; fileEncoding = 4; lastKnownFileType = sourcecode.swift; path = CollieGalleryZoomTransition.swift; sourceTree = "<group>"; };
		0034556122D9C24A0026241D /* CollieGalleryTheme.swift */ = {isa = PBXFileReference; fileEncoding = 4; lastKnownFileType = sourcecode.swift; path = CollieGalleryTheme.swift; sourceTree = "<group>"; };
		0034556222D9C24A0026241D /* ModelService.swift */ = {isa = PBXFileReference; fileEncoding = 4; lastKnownFileType = sourcecode.swift; path = ModelService.swift; sourceTree = "<group>"; };
		004A947022DB311900F07492 /* gallery.storyboard */ = {isa = PBXFileReference; fileEncoding = 4; lastKnownFileType = file.storyboard; path = gallery.storyboard; sourceTree = "<group>"; };
		006A119322B9045D00237B3F /* iMediaProto.app */ = {isa = PBXFileReference; explicitFileType = wrapper.application; includeInIndex = 0; path = iMediaProto.app; sourceTree = BUILT_PRODUCTS_DIR; };
		006A119B22B9045D00237B3F /* Base */ = {isa = PBXFileReference; lastKnownFileType = file.storyboard; name = Base; path = Base.lproj/Main.storyboard; sourceTree = "<group>"; };
		006A119D22B9046000237B3F /* Assets.xcassets */ = {isa = PBXFileReference; lastKnownFileType = folder.assetcatalog; path = Assets.xcassets; sourceTree = "<group>"; };
		006A11A022B9046000237B3F /* Base */ = {isa = PBXFileReference; lastKnownFileType = file.storyboard; name = Base; path = Base.lproj/LaunchScreen.storyboard; sourceTree = "<group>"; };
		006A11A822B9064600237B3F /* iMediaProto-Bridging-Header.h */ = {isa = PBXFileReference; lastKnownFileType = sourcecode.c.h; path = "iMediaProto-Bridging-Header.h"; sourceTree = "<group>"; };
		006A11A922B9064600237B3F /* AppDelegate.swift */ = {isa = PBXFileReference; fileEncoding = 4; lastKnownFileType = sourcecode.swift; path = AppDelegate.swift; sourceTree = "<group>"; };
		006A11AA22B9064600237B3F /* StartViewController.swift */ = {isa = PBXFileReference; fileEncoding = 4; lastKnownFileType = sourcecode.swift; path = StartViewController.swift; sourceTree = "<group>"; };
		006A11AB22B9064600237B3F /* HomeViewController.swift */ = {isa = PBXFileReference; fileEncoding = 4; lastKnownFileType = sourcecode.swift; path = HomeViewController.swift; sourceTree = "<group>"; };
		006A11AE22B9064700237B3F /* SignUpViewController.swift */ = {isa = PBXFileReference; fileEncoding = 4; lastKnownFileType = sourcecode.swift; path = SignUpViewController.swift; sourceTree = "<group>"; };
		006A11AF22B9064700237B3F /* LoginViewController.swift */ = {isa = PBXFileReference; fileEncoding = 4; lastKnownFileType = sourcecode.swift; path = LoginViewController.swift; sourceTree = "<group>"; };
		006A11B022B9064700237B3F /* Info.plist */ = {isa = PBXFileReference; fileEncoding = 4; lastKnownFileType = text.plist.xml; path = Info.plist; sourceTree = "<group>"; };
		008D4B9B22BB70EE00870F77 /* LanguageViewController.swift */ = {isa = PBXFileReference; fileEncoding = 4; lastKnownFileType = sourcecode.swift; path = LanguageViewController.swift; sourceTree = "<group>"; };
		00D2645522DB7CDB00213588 /* ZoomedPhotoViewController.swift */ = {isa = PBXFileReference; lastKnownFileType = sourcecode.swift; path = ZoomedPhotoViewController.swift; sourceTree = "<group>"; };
		00D2645822DB7CDC00213588 /* UIImage.swift */ = {isa = PBXFileReference; lastKnownFileType = sourcecode.swift; path = UIImage.swift; sourceTree = "<group>"; };
		00D2645922DB7CDC00213588 /* PhotoCell.swift */ = {isa = PBXFileReference; lastKnownFileType = sourcecode.swift; path = PhotoCell.swift; sourceTree = "<group>"; };
		1B171EC98ED4EF4608FDA3C2 /* Pods_iMediaProto.framework */ = {isa = PBXFileReference; explicitFileType = wrapper.framework; includeInIndex = 0; path = Pods_iMediaProto.framework; sourceTree = BUILT_PRODUCTS_DIR; };
		57D1450351C40EA655DD081A /* Pods-iMediaProto.debug.xcconfig */ = {isa = PBXFileReference; includeInIndex = 1; lastKnownFileType = text.xcconfig; name = "Pods-iMediaProto.debug.xcconfig"; path = "Target Support Files/Pods-iMediaProto/Pods-iMediaProto.debug.xcconfig"; sourceTree = "<group>"; };
		713684BDB13589D530C338F1 /* Pods-iMediaProto.release.xcconfig */ = {isa = PBXFileReference; includeInIndex = 1; lastKnownFileType = text.xcconfig; name = "Pods-iMediaProto.release.xcconfig"; path = "Target Support Files/Pods-iMediaProto/Pods-iMediaProto.release.xcconfig"; sourceTree = "<group>"; };
		9D0F628D22DE56C300D6DF10 /* SortedTableVC.swift */ = {isa = PBXFileReference; fileEncoding = 4; lastKnownFileType = sourcecode.swift; path = SortedTableVC.swift; sourceTree = "<group>"; };
		9D1FAA8622DBC64A00B49B84 /* AssociatedPhotos.swift */ = {isa = PBXFileReference; lastKnownFileType = sourcecode.swift; path = AssociatedPhotos.swift; sourceTree = "<group>"; };
		9D201E2122C7B7E800074416 /* shared.swift */ = {isa = PBXFileReference; lastKnownFileType = sourcecode.swift; path = shared.swift; sourceTree = "<group>"; };
		9D35AECB22C902FB00B108BD /* ic_menu@3x.png */ = {isa = PBXFileReference; lastKnownFileType = image.png; path = "ic_menu@3x.png"; sourceTree = "<group>"; };
		9D35AECC22C902FB00B108BD /* GuillotineMenuTransitionAnimation.swift */ = {isa = PBXFileReference; fileEncoding = 4; lastKnownFileType = sourcecode.swift; path = GuillotineMenuTransitionAnimation.swift; sourceTree = "<group>"; };
		9D35AECD22C902FB00B108BD /* MenuViewController.swift */ = {isa = PBXFileReference; fileEncoding = 4; lastKnownFileType = sourcecode.swift; path = MenuViewController.swift; sourceTree = "<group>"; };
		9D5F7F5F22DF84B1003B7328 /* QRData.swift */ = {isa = PBXFileReference; fileEncoding = 4; lastKnownFileType = sourcecode.swift; path = QRData.swift; sourceTree = "<group>"; };
		9D5F7F6022DF84B1003B7328 /* CopyLabel.swift */ = {isa = PBXFileReference; fileEncoding = 4; lastKnownFileType = sourcecode.swift; path = CopyLabel.swift; sourceTree = "<group>"; };
		9D5F7F6122DF84B2003B7328 /* UIViewController+Alert.swift */ = {isa = PBXFileReference; fileEncoding = 4; lastKnownFileType = sourcecode.swift; path = "UIViewController+Alert.swift"; sourceTree = "<group>"; };
		9D5F7F6222DF84B2003B7328 /* DetailViewController.swift */ = {isa = PBXFileReference; fileEncoding = 4; lastKnownFileType = sourcecode.swift; path = DetailViewController.swift; sourceTree = "<group>"; };
		9D5F7F6322DF84B2003B7328 /* QRScannerView.swift */ = {isa = PBXFileReference; fileEncoding = 4; lastKnownFileType = sourcecode.swift; path = QRScannerView.swift; sourceTree = "<group>"; };
		9D5F7F6422DF84B2003B7328 /* QRScannerViewController.swift */ = {isa = PBXFileReference; fileEncoding = 4; lastKnownFileType = sourcecode.swift; path = QRScannerViewController.swift; sourceTree = "<group>"; };
		9D6F91F322CF7A0200DE4242 /* WebVC.swift */ = {isa = PBXFileReference; fileEncoding = 4; lastKnownFileType = sourcecode.swift; path = WebVC.swift; sourceTree = "<group>"; };
		9D6F91F422CF7A0200DE4242 /* ImagesVC.swift */ = {isa = PBXFileReference; fileEncoding = 4; lastKnownFileType = sourcecode.swift; path = ImagesVC.swift; sourceTree = "<group>"; };
		9D6F91F722CF7A3D00DE4242 /* QuoteDeck.swift */ = {isa = PBXFileReference; fileEncoding = 4; lastKnownFileType = sourcecode.swift; path = QuoteDeck.swift; sourceTree = "<group>"; };
		9D6F91F822CF7A3D00DE4242 /* QuoteViewController.swift */ = {isa = PBXFileReference; fileEncoding = 4; lastKnownFileType = sourcecode.swift; path = QuoteViewController.swift; sourceTree = "<group>"; };
		9D6F91F922CF7A3D00DE4242 /* lessonsViewController.swift */ = {isa = PBXFileReference; fileEncoding = 4; lastKnownFileType = sourcecode.swift; path = lessonsViewController.swift; sourceTree = "<group>"; };
		9D6F91FA22CF7A3D00DE4242 /* SubLessonsVC.swift */ = {isa = PBXFileReference; fileEncoding = 4; lastKnownFileType = sourcecode.swift; path = SubLessonsVC.swift; sourceTree = "<group>"; };
		9D6F91FB22CF7A3D00DE4242 /* Quote.swift */ = {isa = PBXFileReference; fileEncoding = 4; lastKnownFileType = sourcecode.swift; path = Quote.swift; sourceTree = "<group>"; };
		9D6F91FC22CF7A3D00DE4242 /* TopicsViewController.swift */ = {isa = PBXFileReference; fileEncoding = 4; lastKnownFileType = sourcecode.swift; path = TopicsViewController.swift; sourceTree = "<group>"; };
		9D6F920522CF7D4C00DE4242 /* WebKit.framework */ = {isa = PBXFileReference; lastKnownFileType = wrapper.framework; name = WebKit.framework; path = System/Library/Frameworks/WebKit.framework; sourceTree = SDKROOT; };
		9D84D5BF22D2044A004E0025 /* CredentialsEdit.swift */ = {isa = PBXFileReference; lastKnownFileType = sourcecode.swift; path = CredentialsEdit.swift; sourceTree = "<group>"; };
		9D9E3E1F22D6373D00EDD50A /* serverInfo.swift */ = {isa = PBXFileReference; lastKnownFileType = sourcecode.swift; path = serverInfo.swift; sourceTree = "<group>"; };
/* End PBXFileReference section */

/* Begin PBXFrameworksBuildPhase section */
		006A119022B9045D00237B3F /* Frameworks */ = {
			isa = PBXFrameworksBuildPhase;
			buildActionMask = 2147483647;
			files = (
				9D6F920622CF7D4C00DE4242 /* WebKit.framework in Frameworks */,
				CFD2EDFF30EE0580E3816510 /* Pods_iMediaProto.framework in Frameworks */,
			);
			runOnlyForDeploymentPostprocessing = 0;
		};
/* End PBXFrameworksBuildPhase section */

/* Begin PBXGroup section */
		002E413222D09CFA009B4809 /* UI */ = {
			isa = PBXGroup;
			children = (
				004A947022DB311900F07492 /* gallery.storyboard */,
				006A119A22B9045D00237B3F /* Main.storyboard */,
				006A119F22B9046000237B3F /* LaunchScreen.storyboard */,
				002E413422D0A0F6009B4809 /* Auth.storyboard */,
				002E413622D0A9B5009B4809 /* Chapters.storyboard */,
			);
			path = UI;
			sourceTree = "<group>";
		};
		0034554D22D9C24A0026241D /* Gallery */ = {
			isa = PBXGroup;
			children = (
				0034554E22D9C24A0026241D /* AppBuilder.swift */,
				0034554F22D9C24A0026241D /* BlurViewController.swift */,
				0034555022D9C24A0026241D /* ImageProcessorsViewController.swift */,
				0034555122D9C24A0026241D /* CollectionViewCell.swift */,
				0034555222D9C24A0026241D /* Collie */,
				0034556222D9C24A0026241D /* ModelService.swift */,
			);
			path = Gallery;
			sourceTree = "<group>";
		};
		0034555222D9C24A0026241D /* Collie */ = {
			isa = PBXGroup;
			children = (
				0034555322D9C24A0026241D /* CollieGalleryTransitionType.swift */,
				0034555422D9C24A0026241D /* CollieGalleryView.swift */,
				0034555522D9C24A0026241D /* CollieGalleryTransitionManager.swift */,
				0034555622D9C24A0026241D /* CollieGalleryDelegate.swift */,
				0034555722D9C24A0026241D /* CollieGalleryTransitionProtocol.swift */,
				0034555822D9C24A0026241D /* CollieGalleryDefaultTransition.swift */,
				0034555922D9C24A0026241D /* CollieGalleryOptions.swift */,
				0034555A22D9C24A0026241D /* CollieGalleryPicture.swift */,
				0034555B22D9C24A0026241D /* CollieGallery.swift */,
				0034555C22D9C24A0026241D /* CollieGalleryAppearance.swift */,
				0034555D22D9C24A0026241D /* CollieGalleryCustomAction.swift */,
				0034555E22D9C24A0026241D /* CollieGalleryCaptionView.swift */,
				0034555F22D9C24A0026241D /* CollieGalleryViewDelegate.swift */,
				0034556022D9C24A0026241D /* CollieGalleryZoomTransition.swift */,
				0034556122D9C24A0026241D /* CollieGalleryTheme.swift */,
			);
			path = Collie;
			sourceTree = "<group>";
		};
		006A118A22B9045D00237B3F = {
			isa = PBXGroup;
			children = (
				006A119522B9045D00237B3F /* iMediaProto */,
				006A119422B9045D00237B3F /* Products */,
				D3CD201DA900D887D33F3FAD /* Pods */,
				B3892F1FEFC9543C5DA3AFB8 /* Frameworks */,
			);
			sourceTree = "<group>";
		};
		006A119422B9045D00237B3F /* Products */ = {
			isa = PBXGroup;
			children = (
				006A119322B9045D00237B3F /* iMediaProto.app */,
			);
			name = Products;
			sourceTree = "<group>";
		};
		006A119522B9045D00237B3F /* iMediaProto */ = {
			isa = PBXGroup;
			children = (
				9D5F7F5E22DF848B003B7328 /* QRScanner */,
				00D2645322DB7CCF00213588 /* NewGallery */,
				0034554D22D9C24A0026241D /* Gallery */,
				9D9E3E1E22D636E000EDD50A /* gitIgnore */,
				002E413222D09CFA009B4809 /* UI */,
				008D4B9B22BB70EE00870F77 /* LanguageViewController.swift */,
				9D35AECA22C902FB00B108BD /* GuillotineMenu */,
				9D20FA2E22C639DD00D80E42 /* chapters */,
				006A11A922B9064600237B3F /* AppDelegate.swift */,
				006A11AB22B9064600237B3F /* HomeViewController.swift */,
				006A11B022B9064700237B3F /* Info.plist */,
				006A11AF22B9064700237B3F /* LoginViewController.swift */,
				006A11AE22B9064700237B3F /* SignUpViewController.swift */,
				006A11AA22B9064600237B3F /* StartViewController.swift */,
				9D201E2122C7B7E800074416 /* shared.swift */,
				006A119D22B9046000237B3F /* Assets.xcassets */,
				006A11A822B9064600237B3F /* iMediaProto-Bridging-Header.h */,
				001BCF6322C0DEF300419E00 /* PasswordRecovery.swift */,
				0023A28822C1F28D007BEB2D /* Localizable.strings */,
				000E0D1F22C498FE0080DFC7 /* ModelStructures.swift */,
				000E0D2122C4C6300080DFC7 /* Extensions.swift */,
				9D84D5BF22D2044A004E0025 /* CredentialsEdit.swift */,
				002F29C222D49565000D64CF /* LaunchScreenVC.swift */,
			);
			path = iMediaProto;
			sourceTree = "<group>";
		};
		00D2645322DB7CCF00213588 /* NewGallery */ = {
			isa = PBXGroup;
			children = (
				9D0F628D22DE56C300D6DF10 /* SortedTableVC.swift */,
				00D2645922DB7CDC00213588 /* PhotoCell.swift */,
				00D2645822DB7CDC00213588 /* UIImage.swift */,
				00D2645522DB7CDB00213588 /* ZoomedPhotoViewController.swift */,
				9D1FAA8622DBC64A00B49B84 /* AssociatedPhotos.swift */,
			);
			path = NewGallery;
			sourceTree = "<group>";
		};
		9D20FA2E22C639DD00D80E42 /* chapters */ = {
			isa = PBXGroup;
			children = (
				9D6F91F922CF7A3D00DE4242 /* lessonsViewController.swift */,
				9D6F91FB22CF7A3D00DE4242 /* Quote.swift */,
				9D6F91F722CF7A3D00DE4242 /* QuoteDeck.swift */,
				9D6F91F822CF7A3D00DE4242 /* QuoteViewController.swift */,
				9D6F91FA22CF7A3D00DE4242 /* SubLessonsVC.swift */,
				9D6F91FC22CF7A3D00DE4242 /* TopicsViewController.swift */,
				9D6F91F422CF7A0200DE4242 /* ImagesVC.swift */,
				9D6F91F322CF7A0200DE4242 /* WebVC.swift */,
			);
			path = chapters;
			sourceTree = "<group>";
		};
		9D35AECA22C902FB00B108BD /* GuillotineMenu */ = {
			isa = PBXGroup;
			children = (
				9D35AECB22C902FB00B108BD /* ic_menu@3x.png */,
				9D35AECC22C902FB00B108BD /* GuillotineMenuTransitionAnimation.swift */,
				9D35AECD22C902FB00B108BD /* MenuViewController.swift */,
			);
			path = GuillotineMenu;
			sourceTree = "<group>";
		};
		9D5F7F5E22DF848B003B7328 /* QRScanner */ = {
			isa = PBXGroup;
			children = (
				9D5F7F6022DF84B1003B7328 /* CopyLabel.swift */,
				9D5F7F6222DF84B2003B7328 /* DetailViewController.swift */,
				9D5F7F5F22DF84B1003B7328 /* QRData.swift */,
				9D5F7F6322DF84B2003B7328 /* QRScannerView.swift */,
				9D5F7F6422DF84B2003B7328 /* QRScannerViewController.swift */,
				9D5F7F6122DF84B2003B7328 /* UIViewController+Alert.swift */,
			);
			path = QRScanner;
			sourceTree = "<group>";
		};
		9D9E3E1E22D636E000EDD50A /* gitIgnore */ = {
			isa = PBXGroup;
			children = (
				9D9E3E1F22D6373D00EDD50A /* serverInfo.swift */,
			);
			path = gitIgnore;
			sourceTree = "<group>";
		};
		B3892F1FEFC9543C5DA3AFB8 /* Frameworks */ = {
			isa = PBXGroup;
			children = (
				9D6F920522CF7D4C00DE4242 /* WebKit.framework */,
				1B171EC98ED4EF4608FDA3C2 /* Pods_iMediaProto.framework */,
			);
			name = Frameworks;
			sourceTree = "<group>";
		};
		D3CD201DA900D887D33F3FAD /* Pods */ = {
			isa = PBXGroup;
			children = (
				57D1450351C40EA655DD081A /* Pods-iMediaProto.debug.xcconfig */,
				713684BDB13589D530C338F1 /* Pods-iMediaProto.release.xcconfig */,
			);
			path = Pods;
			sourceTree = "<group>";
		};
/* End PBXGroup section */

/* Begin PBXNativeTarget section */
		006A119222B9045D00237B3F /* iMediaProto */ = {
			isa = PBXNativeTarget;
			buildConfigurationList = 006A11A522B9046000237B3F /* Build configuration list for PBXNativeTarget "iMediaProto" */;
			buildPhases = (
				6D8C339D83BC8E53E4DC1B72 /* [CP] Check Pods Manifest.lock */,
				006A118F22B9045D00237B3F /* Sources */,
				006A119022B9045D00237B3F /* Frameworks */,
				006A119122B9045D00237B3F /* Resources */,
				EA6E452535FA2127447AEF2F /* [CP] Embed Pods Frameworks */,
			);
			buildRules = (
			);
			dependencies = (
			);
			name = iMediaProto;
			productName = iMediaProto;
			productReference = 006A119322B9045D00237B3F /* iMediaProto.app */;
			productType = "com.apple.product-type.application";
		};
/* End PBXNativeTarget section */

/* Begin PBXProject section */
		006A118B22B9045D00237B3F /* Project object */ = {
			isa = PBXProject;
			attributes = {
				LastSwiftUpdateCheck = 1020;
				LastUpgradeCheck = 1020;
				ORGANIZATIONNAME = a;
				TargetAttributes = {
					006A119222B9045D00237B3F = {
						CreatedOnToolsVersion = 10.2.1;
						LastSwiftMigration = 1020;
					};
				};
			};
			buildConfigurationList = 006A118E22B9045D00237B3F /* Build configuration list for PBXProject "iMediaProto" */;
			compatibilityVersion = "Xcode 9.3";
			developmentRegion = en;
			hasScannedForEncodings = 0;
			knownRegions = (
				Base,
				en,
				de,
				tr,
				ar,
				es,
				ru,
				hi,
				"fa-IR",
				"zh-Hans",
			);
			mainGroup = 006A118A22B9045D00237B3F;
			productRefGroup = 006A119422B9045D00237B3F /* Products */;
			projectDirPath = "";
			projectRoot = "";
			targets = (
				006A119222B9045D00237B3F /* iMediaProto */,
			);
		};
/* End PBXProject section */

/* Begin PBXResourcesBuildPhase section */
		006A119122B9045D00237B3F /* Resources */ = {
			isa = PBXResourcesBuildPhase;
			buildActionMask = 2147483647;
			files = (
				002E413522D0A0F6009B4809 /* Auth.storyboard in Resources */,
				0023A28622C1F28D007BEB2D /* Localizable.strings in Resources */,
				006A11A122B9046000237B3F /* LaunchScreen.storyboard in Resources */,
				002E413722D0A9B5009B4809 /* Chapters.storyboard in Resources */,
				004A947122DB311900F07492 /* gallery.storyboard in Resources */,
				006A119E22B9046000237B3F /* Assets.xcassets in Resources */,
				006A119C22B9045D00237B3F /* Main.storyboard in Resources */,
				9D35AECE22C902FB00B108BD /* ic_menu@3x.png in Resources */,
			);
			runOnlyForDeploymentPostprocessing = 0;
		};
/* End PBXResourcesBuildPhase section */

/* Begin PBXShellScriptBuildPhase section */
		6D8C339D83BC8E53E4DC1B72 /* [CP] Check Pods Manifest.lock */ = {
			isa = PBXShellScriptBuildPhase;
			buildActionMask = 2147483647;
			files = (
			);
			inputFileListPaths = (
			);
			inputPaths = (
				"${PODS_PODFILE_DIR_PATH}/Podfile.lock",
				"${PODS_ROOT}/Manifest.lock",
			);
			name = "[CP] Check Pods Manifest.lock";
			outputFileListPaths = (
			);
			outputPaths = (
				"$(DERIVED_FILE_DIR)/Pods-iMediaProto-checkManifestLockResult.txt",
			);
			runOnlyForDeploymentPostprocessing = 0;
			shellPath = /bin/sh;
			shellScript = "diff \"${PODS_PODFILE_DIR_PATH}/Podfile.lock\" \"${PODS_ROOT}/Manifest.lock\" > /dev/null\nif [ $? != 0 ] ; then\n    # print error to STDERR\n    echo \"error: The sandbox is not in sync with the Podfile.lock. Run 'pod install' or update your CocoaPods installation.\" >&2\n    exit 1\nfi\n# This output is used by Xcode 'outputs' to avoid re-running this script phase.\necho \"SUCCESS\" > \"${SCRIPT_OUTPUT_FILE_0}\"\n";
			showEnvVarsInLog = 0;
		};
		EA6E452535FA2127447AEF2F /* [CP] Embed Pods Frameworks */ = {
			isa = PBXShellScriptBuildPhase;
			buildActionMask = 2147483647;
			files = (
			);
			inputFileListPaths = (
				"${PODS_ROOT}/Target Support Files/Pods-iMediaProto/Pods-iMediaProto-frameworks-${CONFIGURATION}-input-files.xcfilelist",
			);
			name = "[CP] Embed Pods Frameworks";
			outputFileListPaths = (
				"${PODS_ROOT}/Target Support Files/Pods-iMediaProto/Pods-iMediaProto-frameworks-${CONFIGURATION}-output-files.xcfilelist",
			);
			runOnlyForDeploymentPostprocessing = 0;
			shellPath = /bin/sh;
			shellScript = "\"${PODS_ROOT}/Target Support Files/Pods-iMediaProto/Pods-iMediaProto-frameworks.sh\"\n";
			showEnvVarsInLog = 0;
		};
/* End PBXShellScriptBuildPhase section */

/* Begin PBXSourcesBuildPhase section */
		006A118F22B9045D00237B3F /* Sources */ = {
			isa = PBXSourcesBuildPhase;
			buildActionMask = 2147483647;
			files = (
				0034557222D9C24A0026241D /* CollieGalleryCaptionView.swift in Sources */,
				0034557422D9C24A0026241D /* CollieGalleryZoomTransition.swift in Sources */,
				9D35AECF22C902FB00B108BD /* GuillotineMenuTransitionAnimation.swift in Sources */,
				9D5F7F6722DF84B2003B7328 /* UIViewController+Alert.swift in Sources */,
				006A11B722B9064700237B3F /* LoginViewController.swift in Sources */,
				9D0F628E22DE56C300D6DF10 /* SortedTableVC.swift in Sources */,
				000E0D2222C4C6300080DFC7 /* Extensions.swift in Sources */,
				0034556822D9C24A0026241D /* CollieGalleryView.swift in Sources */,
				0034556322D9C24A0026241D /* AppBuilder.swift in Sources */,
				9D1E32E422DB8C090081904D /* UIImage.swift in Sources */,
				0034556B22D9C24A0026241D /* CollieGalleryTransitionProtocol.swift in Sources */,
				9D84D5C022D2044A004E0025 /* CredentialsEdit.swift in Sources */,
				9D6F91F522CF7A0200DE4242 /* WebVC.swift in Sources */,
				9D1E32E222DB8C090081904D /* PhotoCell.swift in Sources */,
				002F29C322D49565000D64CF /* LaunchScreenVC.swift in Sources */,
				9D1E32E522DB8C090081904D /* ZoomedPhotoViewController.swift in Sources */,
				0034556A22D9C24A0026241D /* CollieGalleryDelegate.swift in Sources */,
				0034556F22D9C24A0026241D /* CollieGallery.swift in Sources */,
				9D5F7F6622DF84B2003B7328 /* CopyLabel.swift in Sources */,
				9D6F91FD22CF7A3D00DE4242 /* QuoteDeck.swift in Sources */,
				9D5F7F6522DF84B2003B7328 /* QRData.swift in Sources */,
				0034556422D9C24A0026241D /* BlurViewController.swift in Sources */,
				008D4B9C22BB70EE00870F77 /* LanguageViewController.swift in Sources */,
				0034556C22D9C24A0026241D /* CollieGalleryDefaultTransition.swift in Sources */,
				0034557322D9C24A0026241D /* CollieGalleryViewDelegate.swift in Sources */,
				006A11B622B9064700237B3F /* SignUpViewController.swift in Sources */,
				006A11B122B9064700237B3F /* AppDelegate.swift in Sources */,
				006A11B222B9064700237B3F /* StartViewController.swift in Sources */,
				9D6F920022CF7A3D00DE4242 /* SubLessonsVC.swift in Sources */,
				9D6F91FF22CF7A3D00DE4242 /* lessonsViewController.swift in Sources */,
				9D9E3E2022D6373D00EDD50A /* serverInfo.swift in Sources */,
				9D5F7F6922DF84B2003B7328 /* QRScannerView.swift in Sources */,
				9D201E2222C7B7E800074416 /* shared.swift in Sources */,
				0034556D22D9C24A0026241D /* CollieGalleryOptions.swift in Sources */,
				9D1FAA8722DBC64A00B49B84 /* AssociatedPhotos.swift in Sources */,
				000E0D2022C498FE0080DFC7 /* ModelStructures.swift in Sources */,
				0034557622D9C24A0026241D /* ModelService.swift in Sources */,
				9D35AED022C902FB00B108BD /* MenuViewController.swift in Sources */,
				0034556722D9C24A0026241D /* CollieGalleryTransitionType.swift in Sources */,
				0034556922D9C24A0026241D /* CollieGalleryTransitionManager.swift in Sources */,
				9D5F7F6822DF84B2003B7328 /* DetailViewController.swift in Sources */,
				9D6F91FE22CF7A3D00DE4242 /* QuoteViewController.swift in Sources */,
				0034556622D9C24A0026241D /* CollectionViewCell.swift in Sources */,
				0034557022D9C24A0026241D /* CollieGalleryAppearance.swift in Sources */,
				9D6F91F622CF7A0200DE4242 /* ImagesVC.swift in Sources */,
				001BCF6422C0DEF300419E00 /* PasswordRecovery.swift in Sources */,
				9D6F920122CF7A3D00DE4242 /* Quote.swift in Sources */,
				0034556E22D9C24A0026241D /* CollieGalleryPicture.swift in Sources */,
				006A11B322B9064700237B3F /* HomeViewController.swift in Sources */,
				9D6F920222CF7A3D00DE4242 /* TopicsViewController.swift in Sources */,
				9D5F7F6A22DF84B2003B7328 /* QRScannerViewController.swift in Sources */,
				0034556522D9C24A0026241D /* ImageProcessorsViewController.swift in Sources */,
				0034557522D9C24A0026241D /* CollieGalleryTheme.swift in Sources */,
				0034557122D9C24A0026241D /* CollieGalleryCustomAction.swift in Sources */,
			);
			runOnlyForDeploymentPostprocessing = 0;
		};
/* End PBXSourcesBuildPhase section */

/* Begin PBXVariantGroup section */
		0023A28822C1F28D007BEB2D /* Localizable.strings */ = {
			isa = PBXVariantGroup;
			children = (
				0023A28722C1F28D007BEB2D /* en */,
				0023A28922C1F2D2007BEB2D /* de */,
				0023A28A22C1F2DA007BEB2D /* tr */,
				0023A28C22C1F2DD007BEB2D /* es */,
				0023A28D22C1F2DE007BEB2D /* ru */,
				0023A28E22C1F2DF007BEB2D /* hi */,
				0023A28F22C1F2E0007BEB2D /* fa-IR */,
				0023A29222C1F91D007BEB2D /* zh-Hans */,
				0023A29322C24305007BEB2D /* ar */,
			);
			name = Localizable.strings;
			sourceTree = "<group>";
		};
		006A119A22B9045D00237B3F /* Main.storyboard */ = {
			isa = PBXVariantGroup;
			children = (
				006A119B22B9045D00237B3F /* Base */,
				0023A27422C1EE1B007BEB2D /* en */,
				0023A27622C1EE26007BEB2D /* de */,
				0023A27822C1EE2C007BEB2D /* tr */,
				0023A27A22C1EE33007BEB2D /* ar */,
				0023A27C22C1EE3C007BEB2D /* es */,
				0023A27E22C1EE47007BEB2D /* ru */,
				0023A28022C1EE52007BEB2D /* hi */,
				0023A28222C1EE8F007BEB2D /* fa-IR */,
				0023A29022C1F91D007BEB2D /* zh-Hans */,
			);
			name = Main.storyboard;
			sourceTree = "<group>";
		};
		006A119F22B9046000237B3F /* LaunchScreen.storyboard */ = {
			isa = PBXVariantGroup;
			children = (
				006A11A022B9046000237B3F /* Base */,
				0023A27522C1EE1C007BEB2D /* en */,
				0023A27722C1EE26007BEB2D /* de */,
				0023A27922C1EE2C007BEB2D /* tr */,
				0023A27B22C1EE33007BEB2D /* ar */,
				0023A27D22C1EE3C007BEB2D /* es */,
				0023A27F22C1EE47007BEB2D /* ru */,
				0023A28122C1EE52007BEB2D /* hi */,
				0023A28322C1EE8F007BEB2D /* fa-IR */,
				0023A29122C1F91D007BEB2D /* zh-Hans */,
			);
			name = LaunchScreen.storyboard;
			sourceTree = "<group>";
		};
/* End PBXVariantGroup section */

/* Begin XCBuildConfiguration section */
		006A11A322B9046000237B3F /* Debug */ = {
			isa = XCBuildConfiguration;
			buildSettings = {
				ALWAYS_SEARCH_USER_PATHS = NO;
				CLANG_ANALYZER_LOCALIZABILITY_NONLOCALIZED = YES;
				CLANG_ANALYZER_NONNULL = YES;
				CLANG_ANALYZER_NUMBER_OBJECT_CONVERSION = YES_AGGRESSIVE;
				CLANG_CXX_LANGUAGE_STANDARD = "gnu++14";
				CLANG_CXX_LIBRARY = "libc++";
				CLANG_ENABLE_MODULES = YES;
				CLANG_ENABLE_OBJC_ARC = YES;
				CLANG_ENABLE_OBJC_WEAK = YES;
				CLANG_WARN_BLOCK_CAPTURE_AUTORELEASING = YES;
				CLANG_WARN_BOOL_CONVERSION = YES;
				CLANG_WARN_COMMA = YES;
				CLANG_WARN_CONSTANT_CONVERSION = YES;
				CLANG_WARN_DEPRECATED_OBJC_IMPLEMENTATIONS = YES;
				CLANG_WARN_DIRECT_OBJC_ISA_USAGE = YES_ERROR;
				CLANG_WARN_DOCUMENTATION_COMMENTS = YES;
				CLANG_WARN_EMPTY_BODY = YES;
				CLANG_WARN_ENUM_CONVERSION = YES;
				CLANG_WARN_INFINITE_RECURSION = YES;
				CLANG_WARN_INT_CONVERSION = YES;
				CLANG_WARN_NON_LITERAL_NULL_CONVERSION = YES;
				CLANG_WARN_OBJC_IMPLICIT_RETAIN_SELF = YES;
				CLANG_WARN_OBJC_LITERAL_CONVERSION = YES;
				CLANG_WARN_OBJC_ROOT_CLASS = YES_ERROR;
				CLANG_WARN_RANGE_LOOP_ANALYSIS = YES;
				CLANG_WARN_STRICT_PROTOTYPES = YES;
				CLANG_WARN_SUSPICIOUS_MOVE = YES;
				CLANG_WARN_UNGUARDED_AVAILABILITY = YES_AGGRESSIVE;
				CLANG_WARN_UNREACHABLE_CODE = YES;
				CLANG_WARN__DUPLICATE_METHOD_MATCH = YES;
				CODE_SIGN_IDENTITY = "iPhone Developer";
				COPY_PHASE_STRIP = NO;
				DEBUG_INFORMATION_FORMAT = dwarf;
				ENABLE_STRICT_OBJC_MSGSEND = YES;
				ENABLE_TESTABILITY = YES;
				GCC_C_LANGUAGE_STANDARD = gnu11;
				GCC_DYNAMIC_NO_PIC = NO;
				GCC_NO_COMMON_BLOCKS = YES;
				GCC_OPTIMIZATION_LEVEL = 0;
				GCC_PREPROCESSOR_DEFINITIONS = (
					"DEBUG=1",
					"$(inherited)",
				);
				GCC_WARN_64_TO_32_BIT_CONVERSION = YES;
				GCC_WARN_ABOUT_RETURN_TYPE = YES_ERROR;
				GCC_WARN_UNDECLARED_SELECTOR = YES;
				GCC_WARN_UNINITIALIZED_AUTOS = YES_AGGRESSIVE;
				GCC_WARN_UNUSED_FUNCTION = YES;
				GCC_WARN_UNUSED_VARIABLE = YES;
				IPHONEOS_DEPLOYMENT_TARGET = 12.2;
				MTL_ENABLE_DEBUG_INFO = INCLUDE_SOURCE;
				MTL_FAST_MATH = YES;
				ONLY_ACTIVE_ARCH = YES;
				SDKROOT = iphoneos;
				SWIFT_ACTIVE_COMPILATION_CONDITIONS = DEBUG;
				SWIFT_OPTIMIZATION_LEVEL = "-Onone";
			};
			name = Debug;
		};
		006A11A422B9046000237B3F /* Release */ = {
			isa = XCBuildConfiguration;
			buildSettings = {
				ALWAYS_SEARCH_USER_PATHS = NO;
				CLANG_ANALYZER_LOCALIZABILITY_NONLOCALIZED = YES;
				CLANG_ANALYZER_NONNULL = YES;
				CLANG_ANALYZER_NUMBER_OBJECT_CONVERSION = YES_AGGRESSIVE;
				CLANG_CXX_LANGUAGE_STANDARD = "gnu++14";
				CLANG_CXX_LIBRARY = "libc++";
				CLANG_ENABLE_MODULES = YES;
				CLANG_ENABLE_OBJC_ARC = YES;
				CLANG_ENABLE_OBJC_WEAK = YES;
				CLANG_WARN_BLOCK_CAPTURE_AUTORELEASING = YES;
				CLANG_WARN_BOOL_CONVERSION = YES;
				CLANG_WARN_COMMA = YES;
				CLANG_WARN_CONSTANT_CONVERSION = YES;
				CLANG_WARN_DEPRECATED_OBJC_IMPLEMENTATIONS = YES;
				CLANG_WARN_DIRECT_OBJC_ISA_USAGE = YES_ERROR;
				CLANG_WARN_DOCUMENTATION_COMMENTS = YES;
				CLANG_WARN_EMPTY_BODY = YES;
				CLANG_WARN_ENUM_CONVERSION = YES;
				CLANG_WARN_INFINITE_RECURSION = YES;
				CLANG_WARN_INT_CONVERSION = YES;
				CLANG_WARN_NON_LITERAL_NULL_CONVERSION = YES;
				CLANG_WARN_OBJC_IMPLICIT_RETAIN_SELF = YES;
				CLANG_WARN_OBJC_LITERAL_CONVERSION = YES;
				CLANG_WARN_OBJC_ROOT_CLASS = YES_ERROR;
				CLANG_WARN_RANGE_LOOP_ANALYSIS = YES;
				CLANG_WARN_STRICT_PROTOTYPES = YES;
				CLANG_WARN_SUSPICIOUS_MOVE = YES;
				CLANG_WARN_UNGUARDED_AVAILABILITY = YES_AGGRESSIVE;
				CLANG_WARN_UNREACHABLE_CODE = YES;
				CLANG_WARN__DUPLICATE_METHOD_MATCH = YES;
				CODE_SIGN_IDENTITY = "iPhone Developer";
				COPY_PHASE_STRIP = NO;
				DEBUG_INFORMATION_FORMAT = "dwarf-with-dsym";
				ENABLE_NS_ASSERTIONS = NO;
				ENABLE_STRICT_OBJC_MSGSEND = YES;
				GCC_C_LANGUAGE_STANDARD = gnu11;
				GCC_NO_COMMON_BLOCKS = YES;
				GCC_WARN_64_TO_32_BIT_CONVERSION = YES;
				GCC_WARN_ABOUT_RETURN_TYPE = YES_ERROR;
				GCC_WARN_UNDECLARED_SELECTOR = YES;
				GCC_WARN_UNINITIALIZED_AUTOS = YES_AGGRESSIVE;
				GCC_WARN_UNUSED_FUNCTION = YES;
				GCC_WARN_UNUSED_VARIABLE = YES;
				IPHONEOS_DEPLOYMENT_TARGET = 12.2;
				MTL_ENABLE_DEBUG_INFO = NO;
				MTL_FAST_MATH = YES;
				SDKROOT = iphoneos;
				SWIFT_COMPILATION_MODE = wholemodule;
				SWIFT_OPTIMIZATION_LEVEL = "-O";
				VALIDATE_PRODUCT = YES;
			};
			name = Release;
		};
		006A11A622B9046000237B3F /* Debug */ = {
			isa = XCBuildConfiguration;
			baseConfigurationReference = 57D1450351C40EA655DD081A /* Pods-iMediaProto.debug.xcconfig */;
			buildSettings = {
				ASSETCATALOG_COMPILER_APPICON_NAME = AppIcon;
				CLANG_ENABLE_MODULES = YES;
				CODE_SIGN_STYLE = Automatic;
				DEVELOPMENT_TEAM = 4SM3Y64WB5;
				INFOPLIST_FILE = iMediaProto/Info.plist;
				LD_RUNPATH_SEARCH_PATHS = (
					"$(inherited)",
					"@executable_path/Frameworks",
				);
				PRODUCT_BUNDLE_IDENTIFIER = aa.bb.ccc345;
				PRODUCT_NAME = "$(TARGET_NAME)";
				SWIFT_OBJC_BRIDGING_HEADER = "iMediaProto/iMediaProto-Bridging-Header.h";
				SWIFT_OPTIMIZATION_LEVEL = "-Onone";
				SWIFT_VERSION = 5.0;
				TARGETED_DEVICE_FAMILY = "1,2";
			};
			name = Debug;
		};
		006A11A722B9046000237B3F /* Release */ = {
			isa = XCBuildConfiguration;
			baseConfigurationReference = 713684BDB13589D530C338F1 /* Pods-iMediaProto.release.xcconfig */;
			buildSettings = {
				ASSETCATALOG_COMPILER_APPICON_NAME = AppIcon;
				CLANG_ENABLE_MODULES = YES;
				CODE_SIGN_STYLE = Automatic;
				DEVELOPMENT_TEAM = 4SM3Y64WB5;
				INFOPLIST_FILE = iMediaProto/Info.plist;
				LD_RUNPATH_SEARCH_PATHS = (
					"$(inherited)",
					"@executable_path/Frameworks",
				);
				PRODUCT_BUNDLE_IDENTIFIER = aa.bb.ccc345;
				PRODUCT_NAME = "$(TARGET_NAME)";
				SWIFT_OBJC_BRIDGING_HEADER = "iMediaProto/iMediaProto-Bridging-Header.h";
				SWIFT_VERSION = 5.0;
				TARGETED_DEVICE_FAMILY = "1,2";
			};
			name = Release;
		};
/* End XCBuildConfiguration section */

/* Begin XCConfigurationList section */
		006A118E22B9045D00237B3F /* Build configuration list for PBXProject "iMediaProto" */ = {
			isa = XCConfigurationList;
			buildConfigurations = (
				006A11A322B9046000237B3F /* Debug */,
				006A11A422B9046000237B3F /* Release */,
			);
			defaultConfigurationIsVisible = 0;
			defaultConfigurationName = Release;
		};
		006A11A522B9046000237B3F /* Build configuration list for PBXNativeTarget "iMediaProto" */ = {
			isa = XCConfigurationList;
			buildConfigurations = (
				006A11A622B9046000237B3F /* Debug */,
				006A11A722B9046000237B3F /* Release */,
			);
			defaultConfigurationIsVisible = 0;
			defaultConfigurationName = Release;
		};
/* End XCConfigurationList section */
	};
	rootObject = 006A118B22B9045D00237B3F /* Project object */;
}
